{
  "lockfileVersion": 1,
  "configVersion": 0,
  "workspaces": {
    "": {
      "name": "james-malkin.github.io",
      "devDependencies": {
        "@types/bun": "latest",
        "autoprefixer": "^10.4.21",
        "bun-plugin-tailwind": "^0.1.2",
        "postcss": "^8.5.6",
        "tailwindcss": "^4.1.17",
      },
      "peerDependencies": {
        "typescript": "^5",
      },
    },
  },
  "packages": {
    "@oven/bun-darwin-aarch64": ["@oven/bun-darwin-aarch64@1.3.1", "", { "os": "darwin", "cpu": "arm64" }, "sha512-7Rap1BHNWqgnexc4wLjjdZeVRQKtk534iGuJ7qZ42i/q1B+cxJZ6zSnrFsYmo+zreH7dUyUXL3AHuXGrl2772Q=="],

    "@oven/bun-darwin-x64": ["@oven/bun-darwin-x64@1.3.1", "", { "os": "darwin", "cpu": "x64" }, "sha512-wpqmgT/8w+tEr5YMGt1u1sEAMRHhyA2SKZddC6GCPasHxSqkCWOPQvYIHIApnTsoSsxhxP0x6Cpe93+4c7hq/w=="],

    "@oven/bun-darwin-x64-baseline": ["@oven/bun-darwin-x64-baseline@1.3.1", "", { "os": "darwin", "cpu": "x64" }, "sha512-mJo715WvwEHmJ6khNymWyxi0QrFzU94wolsUmxolViNHrk+2ugzIkVIJhTnxf7pHnarxxHwyJ/kgatuV//QILQ=="],

    "@oven/bun-linux-aarch64": ["@oven/bun-linux-aarch64@1.3.1", "", { "os": "linux", "cpu": "arm64" }, "sha512-ACn038SZL8del+sFnqCjf+haGB02//j2Ez491IMmPTvbv4a/D0iiNz9xiIB3ICbQd3EwQzi+Ut/om3Ba/KoHbQ=="],

    "@oven/bun-linux-aarch64-musl": ["@oven/bun-linux-aarch64-musl@1.3.1", "", { "os": "linux", "cpu": "arm64" }, "sha512-gKU3Wv3BTG5VMjqMMnRwqU6tipCveE9oyYNt62efy6cQK3Vo1DOBwY2SmjbFw+yzj+Um20YoFOLGxghfQET4Ng=="],

    "@oven/bun-linux-x64": ["@oven/bun-linux-x64@1.3.1", "", { "os": "linux", "cpu": "x64" }, "sha512-cAUeM3I5CIYlu5Ur52eCOGg9yfqibQd4lzt9G1/rA0ajqcnCBaTuekhUDZETJJf5H9QV+Gm46CqQg2DpdJzJsw=="],

    "@oven/bun-linux-x64-baseline": ["@oven/bun-linux-x64-baseline@1.3.1", "", { "os": "linux", "cpu": "x64" }, "sha512-7+2aCrL81mtltZQbKdiPB58UL+Gr3DAIuPyUAKm0Ib/KG/Z8t7nD/eSMRY/q6b+NsAjYnVPiPwqSjC3edpMmmQ=="],

    "@oven/bun-linux-x64-musl": ["@oven/bun-linux-x64-musl@1.3.1", "", { "os": "linux", "cpu": "x64" }, "sha512-8AgEAHyuJ5Jm9MUo1L53K1SRYu0bNGqV0E0L5rB5DjkteO4GXrnWGBT8qsuwuy7WMuCMY3bj64/pFjlRkZuiXw=="],

    "@oven/bun-linux-x64-musl-baseline": ["@oven/bun-linux-x64-musl-baseline@1.3.1", "", { "os": "linux", "cpu": "x64" }, "sha512-tP0WWcAqrMayvkggOHBGBoyyoK+QHAqgRUyj1F6x5/udiqc9vCXmIt1tlydxYV/NvyvUAmJ7MWT0af44Xm2kJw=="],

    "@oven/bun-windows-x64": ["@oven/bun-windows-x64@1.3.1", "", { "os": "win32", "cpu": "x64" }, "sha512-xdUjOZRq6PwPbbz4/F2QEMLBZwintGp7AS50cWxgkHnyp7Omz5eJfV6/vWtN4qwZIyR3V3DT/2oXsY1+7p3rtg=="],

    "@oven/bun-windows-x64-baseline": ["@oven/bun-windows-x64-baseline@1.3.1", "", { "os": "win32", "cpu": "x64" }, "sha512-dcA+Kj7hGFrY3G8NWyYf3Lj3/GMViknpttWUf5pI6p6RphltZaoDu0lY5Lr71PkMdRZTwL2NnZopa/x/NWCdKA=="],

    "@types/bun": ["@types/bun@1.3.1", "", { "dependencies": { "bun-types": "1.3.1" } }, "sha512-4jNMk2/K9YJtfqwoAa28c8wK+T7nvJFOjxI4h/7sORWcypRNxBpr+TPNaCfVWq70tLCJsqoFwcf0oI0JU/fvMQ=="],

    "@types/node": ["@types/node@24.10.0", "", { "dependencies": { "undici-types": "~7.16.0" } }, "sha512-qzQZRBqkFsYyaSWXuEHc2WR9c0a0CXwiE5FWUvn7ZM+vdy1uZLfCunD38UzhuB7YN/J11ndbDBcTmOdxJo9Q7A=="],

    "@types/react": ["@types/react@19.2.2", "", { "dependencies": { "csstype": "^3.0.2" } }, "sha512-6mDvHUFSjyT2B2yeNx2nUgMxh9LtOWvkhIU3uePn2I2oyNymUAX1NIsdgviM4CH+JSrp2D2hsMvJOkxY+0wNRA=="],

    "autoprefixer": ["autoprefixer@10.4.21", "", { "dependencies": { "browserslist": "^4.24.4", "caniuse-lite": "^1.0.30001702", "fraction.js": "^4.3.7", "normalize-range": "^0.1.2", "picocolors": "^1.1.1", "postcss-value-parser": "^4.2.0" }, "peerDependencies": { "postcss": "^8.1.0" }, "bin": { "autoprefixer": "bin/autoprefixer" } }, "sha512-O+A6LWV5LDHSJD3LjHYoNi4VLsj/Whi7k6zG12xTYaU4cQ8oxQGckXNX8cRHK5yOZ/ppVHe0ZBXGzSV9jXdVbQ=="],

    "baseline-browser-mapping": ["baseline-browser-mapping@2.8.25", "", { "bin": { "baseline-browser-mapping": "dist/cli.js" } }, "sha512-2NovHVesVF5TXefsGX1yzx1xgr7+m9JQenvz6FQY3qd+YXkKkYiv+vTCc7OriP9mcDZpTC5mAOYN4ocd29+erA=="],

    "browserslist": ["browserslist@4.27.0", "", { "dependencies": { "baseline-browser-mapping": "^2.8.19", "caniuse-lite": "^1.0.30001751", "electron-to-chromium": "^1.5.238", "node-releases": "^2.0.26", "update-browserslist-db": "^1.1.4" }, "bin": { "browserslist": "cli.js" } }, "sha512-AXVQwdhot1eqLihwasPElhX2tAZiBjWdJ9i/Zcj2S6QYIjkx62OKSfnobkriB81C3l4w0rVy3Nt4jaTBltYEpw=="],

    "bun": ["bun@1.3.1", "", { "optionalDependencies": { "@oven/bun-darwin-aarch64": "1.3.1", "@oven/bun-darwin-x64": "1.3.1", "@oven/bun-darwin-x64-baseline": "1.3.1", "@oven/bun-linux-aarch64": "1.3.1", "@oven/bun-linux-aarch64-musl": "1.3.1", "@oven/bun-linux-x64": "1.3.1", "@oven/bun-linux-x64-baseline": "1.3.1", "@oven/bun-linux-x64-musl": "1.3.1", "@oven/bun-linux-x64-musl-baseline": "1.3.1", "@oven/bun-windows-x64": "1.3.1", "@oven/bun-windows-x64-baseline": "1.3.1" }, "os": [ "linux", "win32", "darwin", ], "cpu": [ "x64", "arm64", ], "bin": { "bun": "bin/bun.exe", "bunx": "bin/bunx.exe" } }, "sha512-enqkEb0RhNOgDzHQwv7uvnIhX3uSzmKzz779dL7kdH8SauyTdQvCz4O1UT2rU0UldQp2K9OlrJNdyDHayPEIvw=="],

    "bun-plugin-tailwind": ["bun-plugin-tailwind@0.1.2", "", { "peerDependencies": { "bun": ">=1.0.0" } }, "sha512-41jNC1tZRSK3s1o7pTNrLuQG8kL/0vR/JgiTmZAJ1eHwe0w5j6HFPKeqEk0WAD13jfrUC7+ULuewFBBCoADPpg=="],

    "bun-types": ["bun-types@1.3.1", "", { "dependencies": { "@types/node": "*" }, "peerDependencies": { "@types/react": "^19" } }, "sha512-NMrcy7smratanWJ2mMXdpatalovtxVggkj11bScuWuiOoXTiKIu2eVS1/7qbyI/4yHedtsn175n4Sm4JcdHLXw=="],

    "caniuse-lite": ["caniuse-lite@1.0.30001754", "", {}, "sha512-x6OeBXueoAceOmotzx3PO4Zpt4rzpeIFsSr6AAePTZxSkXiYDUmpypEl7e2+8NCd9bD7bXjqyef8CJYPC1jfxg=="],

    "csstype": ["csstype@3.1.3", "", {}, "sha512-M1uQkMl8rQK/szD0LNhtqxIPLpimGm8sOBwU7lLnCpSbTyY3yeU1Vc7l4KT5zT4s/yOxHH5O7tIuuLOCnLADRw=="],

    "electron-to-chromium": ["electron-to-chromium@1.5.246", "", {}, "sha512-CKp2enkTcw94o8p7P+nb3in3yILO7jAIoERSmkIhGazMuK2eLnPSVUH/dxUveGN8ulJJDjYUv0vV7y2e2AZ0nA=="],

    "escalade": ["escalade@3.2.0", "", {}, "sha512-WUj2qlxaQtO4g6Pq5c29GTcWGDyd8itL8zTlipgECz3JesAiiOKotd8JU6otB3PACgG6xkJUyVhboMS+bje/jA=="],

    "fraction.js": ["fraction.js@4.3.7", "", {}, "sha512-ZsDfxO51wGAXREY55a7la9LScWpwv9RxIrYABrlvOFBlH/ShPnrtsXeuUIfXKKOVicNxQ+o8JTbJvjS4M89yew=="],

    "nanoid": ["nanoid@3.3.11", "", { "bin": { "nanoid": "bin/nanoid.cjs" } }, "sha512-N8SpfPUnUp1bK+PMYW8qSWdl9U+wwNWI4QKxOYDy9JAro3WMX7p2OeVRF9v+347pnakNevPmiHhNmZ2HbFA76w=="],

    "node-releases": ["node-releases@2.0.27", "", {}, "sha512-nmh3lCkYZ3grZvqcCH+fjmQ7X+H0OeZgP40OierEaAptX4XofMh5kwNbWh7lBduUzCcV/8kZ+NDLCwm2iorIlA=="],

    "normalize-range": ["normalize-range@0.1.2", "", {}, "sha512-bdok/XvKII3nUpklnV6P2hxtMNrCboOjAcyBuQnWEhO665FwrSNRxU+AqpsyvO6LgGYPspN+lu5CLtw4jPRKNA=="],

    "picocolors": ["picocolors@1.1.1", "", {}, "sha512-xceH2snhtb5M9liqDsmEw56le376mTZkEX/jEb/RxNFyegNul7eNslCXP9FDj/Lcu0X8KEyMceP2ntpaHrDEVA=="],

    "postcss": ["postcss@8.5.6", "", { "dependencies": { "nanoid": "^3.3.11", "picocolors": "^1.1.1", "source-map-js": "^1.2.1" } }, "sha512-3Ybi1tAuwAP9s0r1UQ2J4n5Y0G05bJkpUIO0/bI9MhwmD70S5aTWbXGBwxHrelT+XM1k6dM0pk+SwNkpTRN7Pg=="],

    "postcss-value-parser": ["postcss-value-parser@4.2.0", "", {}, "sha512-1NNCs6uurfkVbeXG4S8JFT9t19m45ICnif8zWLd5oPSZ50QnwMfK+H3jv408d4jw/7Bttv5axS5IiHoLaVNHeQ=="],

    "source-map-js": ["source-map-js@1.2.1", "", {}, "sha512-UXWMKhLOwVKb728IUtQPXxfYU+usdybtUrK/8uGE8CQMvrhOpwvzDBwj0QhSL7MQc7vIsISBG8VQ8+IDQxpfQA=="],

    "tailwindcss": ["tailwindcss@4.1.17", "", {}, "sha512-j9Ee2YjuQqYT9bbRTfTZht9W/ytp5H+jJpZKiYdP/bpnXARAuELt9ofP0lPnmHjbga7SNQIxdTAXCmtKVYjN+Q=="],

    "typescript": ["typescript@5.9.3", "", { "bin": { "tsc": "bin/tsc", "tsserver": "bin/tsserver" } }, "sha512-jl1vZzPDinLr9eUt3J/t7V6FgNEw9QjvBPdysz9KfQDD41fQrC2Y4vKQdiaUpFT4bXlb1RHhLpp8wtm6M5TgSw=="],

    "undici-types": ["undici-types@7.16.0", "", {}, "sha512-Zz+aZWSj8LE6zoxD+xrjh4VfkIG8Ya6LvYkZqtUQGJPZjYl53ypCaUwWqo7eI0x66KBGeRo+mlBEkMSeSZ38Nw=="],

    "update-browserslist-db": ["update-browserslist-db@1.1.4", "", { "dependencies": { "escalade": "^3.2.0", "picocolors": "^1.1.1" }, "peerDependencies": { "browserslist": ">= 4.21.0" }, "bin": { "update-browserslist-db": "cli.js" } }, "sha512-q0SPT4xyU84saUX+tomz1WLkxUbuaJnR1xWt17M7fJtEJigJeWUNGUqrauFXsHnqev9y9JTRGwk13tFBuKby4A=="],
  }
}
